{
  "meteor": {
    "git": "https://github.com/meteor/meteor.git",
    "branch": "master",
    "commit": "bfe4b72ebec4367eaddcdf0887fcf5e649d9dcb8"
  },
  "dependencies": {
    "basePackages": {
      "accounts-ui-bootstrap-3": {},
      "accounts-ui-bootstrap-dropdown": {},
      "paginator": {}
    },
    "packages": {
      "accounts-ui-bootstrap-3": {
        "git": "https://github.com/mangasocial/meteor-accounts-ui-bootstrap-3.git",
        "tag": "v0.1.5",
        "commit": "4be5a541987b31e87c93277a54126e2ac08e5a1b"
      },
      "accounts-ui-bootstrap-dropdown": {
        "git": "https://github.com/erobit/meteor-accounts-ui-bootstrap-dropdown.git",
        "tag": "v0.1.0",
        "commit": "e66558aaa4dc0d85c6ddb63bd2289b38c2b793f6"
      },
      "paginator": {
        "git": "https://github.com/TimHeckel/meteor-paginator.git",
        "tag": "v0.0.2",
        "commit": "58ce868b5959a7a28f7cea213a7fcd04f03cd23f"
      }
    }
  }
}
